
Microsoft Visual Studio Solution File, Format Version 12.00
# Visual Studio 15
VisualStudioVersion = 15.0.28010.2046
MinimumVisualStudioVersion = 10.0.40219.1
Project("{FAE04EC0-301F-11D3-BF4B-00C04F79EFBC}") = "VoiceTracker", "VoiceTracker.csproj", "{704FA973-F8FF-4785-BDEA-E9742F38E84C}"
EndProject
Project("{54435603-DBB4-11D2-8724-00A0C9A8B90C}") = "WindowsInstaller", "..\WindowsInstaller\WindowsInstaller.vdproj", "{9BB9BE68-AE5D-4E20-897B-F782E74FB165}"
EndProject
Global
	GlobalSection(SolutionConfigurationPlatforms) = preSolution
		Debug|Any CPU = Debug|Any CPU
		Release|Any CPU = Release|Any CPU
	EndGlobalSection
	GlobalSection(ProjectConfigurationPlatforms) = postSolution
		{704FA973-F8FF-4785-BDEA-E9742F38E84C}.Debug|Any CPU.ActiveCfg = Debug|Any CPU
		{704FA973-F8FF-4785-BDEA-E9742F38E84C}.Debug|Any CPU.Build.0 = Debug|Any CPU
		{704FA973-F8FF-4785-BDEA-E9742F38E84C}.Release|Any CPU.ActiveCfg = Release|Any CPU
		{704FA973-F8FF-4785-BDEA-E9742F38E84C}.Release|Any CPU.Build.0 = Release|Any CPU
		{9BB9BE68-AE5D-4E20-897B-F782E74FB165}.Debug|Any CPU.ActiveCfg = Debug
		{9BB9BE68-AE5D-4E20-897B-F782E74FB165}.Release|Any CPU.ActiveCfg = Release
	EndGlobalSection
	GlobalSection(SolutionProperties) = preSolution
		HideSolutionNode = FALSE
	EndGlobalSection
	GlobalSection(ExtensibilityGlobals) = postSolution
		SolutionGuid = {EAB72A16-8AC7-4FC4-85C5-37A16163D6BB}
	EndGlobalSection
EndGlobal
